<?xml version="1.0" encoding="utf-8"?>
<Project ToolsVersion="17.0" xmlns="http://schemas.microsoft.com/developer/msbuild/2003">
  <ItemGroup>
    <CustomBuild Include="H:\My DLLs\MatrixGame\CMakeFiles\f19ad0ff7062acaffd601cb942e6e2bc\INSTALL_force.rule">
      <Filter>CMake Rules</Filter>
    </CustomBuild>
  </ItemGroup>
  <ItemGroup>
    <Filter Include="CMake Rules">
      <UniqueIdentifier>{E166B618-CA43-36FA-8377-6A26E88C2566}</UniqueIdentifier>
    </Filter>
  </ItemGroup>
</Project>
