<?xml version="1.0" encoding="utf-8"?>
<Project ToolsVersion="17.0" xmlns="http://schemas.microsoft.com/developer/msbuild/2003">
  <ItemGroup>
    <CustomBuild Include="E:\!---KR---!\!PROGRAMS\MatrixGame\CMakeFiles\66475ce72ba0d3fcfcedc41354071e52\INSTALL_force.rule">
      <Filter>CMake Rules</Filter>
    </CustomBuild>
  </ItemGroup>
  <ItemGroup>
    <Filter Include="CMake Rules">
      <UniqueIdentifier>{C0377AC6-A04E-37B1-9194-69A4A27188E9}</UniqueIdentifier>
    </Filter>
  </ItemGroup>
</Project>
